{
  "version": 4,
  "terraform_version": "1.5.0",
  "serial": 9,
  "lineage": "a5ff3ba6-cf81-dd23-a3f3-98ce7f1c0b7c",
  "outputs": {
    "lambda": {
      "value": "arn:aws:lambda:eu-north-1:867736086712:function:snapshot-deletion:$LATEST",
      "type": "string"
    }
  },
  "resources": [
    {
      "mode": "data",
      "type": "archive_file",
      "name": "zip",
      "provider": "provider[\"registry.terraform.io/hashicorp/archive\"]",
      "instances": [
        {
          "schema_version": 0,
          "attributes": {
            "exclude_symlink_directories": null,
            "excludes": null,
            "id": "de8ffe6e604d6d25ff553280af33c547a7abf2f4",
            "output_base64sha256": "ueJwrHEZH64zFwIYC/akqZh/kd3P6fZn17U6AKeo6ac=",
            "output_base64sha512": "QTtsj9dnNKy8ATN03fW2Rw0Bk9hArkqe5w4WNuSA0fJIr4xT9yXLs7F058agIO0fzki4R5XIO2G09UdyRJLDQg==",
            "output_file_mode": null,
            "output_md5": "8e4c842db9fbb2f03f2a0f83ef4d851d",
            "output_path": "snapshot-deletion.zip",
            "output_sha": "de8ffe6e604d6d25ff553280af33c547a7abf2f4",
            "output_sha256": "b9e270ac71191fae331702180bf6a4a9987f91ddcfe9f667d7b53a00a7a8e9a7",
            "output_sha512": "413b6c8fd76734acbc013374ddf5b6470d0193d840ae4a9ee70e1636e480d1f248af8c53f725cbb3b174e7c6a020ed1fce48b84795c83b61b4f547724492c342",
            "output_size": 826,
            "source": [],
            "source_content": null,
            "source_content_filename": null,
            "source_dir": null,
            "source_file": "snapshot-deletion.py",
            "type": "zip"
          },
          "sensitive_attributes": []
        }
      ]
    },
    {
      "mode": "data",
      "type": "aws_iam_policy_document",
      "name": "policy",
      "provider": "provider[\"registry.terraform.io/hashicorp/aws\"]",
      "instances": [
        {
          "schema_version": 0,
          "attributes": {
            "id": "2690255455",
            "json": "{\n  \"Version\": \"2012-10-17\",\n  \"Statement\": [\n    {\n      \"Effect\": \"Allow\",\n      \"Action\": \"sts:AssumeRole\",\n      \"Principal\": {\n        \"Service\": \"lambda.amazonaws.com\"\n      }\n    }\n  ]\n}",
            "override_policy_documents": null,
            "policy_id": null,
            "source_policy_documents": null,
            "statement": [
              {
                "actions": [
                  "sts:AssumeRole"
                ],
                "condition": [],
                "effect": "Allow",
                "not_actions": [],
                "not_principals": [],
                "not_resources": [],
                "principals": [
                  {
                    "identifiers": [
                      "lambda.amazonaws.com"
                    ],
                    "type": "Service"
                  }
                ],
                "resources": [],
                "sid": ""
              }
            ],
            "version": "2012-10-17"
          },
          "sensitive_attributes": []
        }
      ]
    },
    {
      "mode": "managed",
      "type": "aws_iam_role",
      "name": "snapshot_deletion_lambda",
      "provider": "provider[\"registry.terraform.io/hashicorp/aws\"]",
      "instances": [
        {
          "schema_version": 0,
          "attributes": {
            "arn": "arn:aws:iam::867736086712:role/snapshot_deletion_lambda",
            "assume_role_policy": "{\"Statement\":[{\"Action\":\"sts:AssumeRole\",\"Effect\":\"Allow\",\"Principal\":{\"Service\":\"lambda.amazonaws.com\"}}],\"Version\":\"2012-10-17\"}",
            "create_date": "2023-06-15T13:11:29Z",
            "description": "",
            "force_detach_policies": false,
            "id": "snapshot_deletion_lambda",
            "inline_policy": [],
            "managed_policy_arns": [],
            "max_session_duration": 3600,
            "name": "snapshot_deletion_lambda",
            "name_prefix": "",
            "path": "/",
            "permissions_boundary": null,
            "tags": {},
            "tags_all": {},
            "unique_id": "AROA4UCIZ5C4AFQVQ24FW"
          },
          "sensitive_attributes": [],
          "private": "bnVsbA==",
          "dependencies": [
            "data.aws_iam_policy_document.policy"
          ]
        }
      ]
    },
    {
      "mode": "managed",
      "type": "aws_lambda_function",
      "name": "lambda",
      "provider": "provider[\"registry.terraform.io/hashicorp/aws\"]",
      "instances": [
        {
          "schema_version": 0,
          "attributes": {
            "architectures": [
              "x86_64"
            ],
            "arn": "arn:aws:lambda:eu-north-1:867736086712:function:snapshot-deletion",
            "code_signing_config_arn": "",
            "dead_letter_config": [],
            "description": "",
            "environment": [],
            "ephemeral_storage": [
              {
                "size": 512
              }
            ],
            "file_system_config": [],
            "filename": "snapshot-deletion.zip",
            "function_name": "snapshot-deletion",
            "handler": "snapshot-deletion.lambda_handler",
            "id": "snapshot-deletion",
            "image_config": [],
            "image_uri": "",
            "invoke_arn": "arn:aws:apigateway:eu-north-1:lambda:path/2015-03-31/functions/arn:aws:lambda:eu-north-1:867736086712:function:snapshot-deletion/invocations",
            "kms_key_arn": "",
            "last_modified": "2023-06-15T13:34:50.000+0000",
            "layers": [],
            "memory_size": 128,
            "package_type": "Zip",
            "publish": false,
            "qualified_arn": "arn:aws:lambda:eu-north-1:867736086712:function:snapshot-deletion:$LATEST",
            "qualified_invoke_arn": "arn:aws:apigateway:eu-north-1:lambda:path/2015-03-31/functions/arn:aws:lambda:eu-north-1:867736086712:function:snapshot-deletion:$LATEST/invocations",
            "replace_security_groups_on_destroy": null,
            "replacement_security_group_ids": null,
            "reserved_concurrent_executions": -1,
            "role": "arn:aws:iam::867736086712:role/snapshot_deletion_lambda",
            "runtime": "python3.9",
            "s3_bucket": null,
            "s3_key": null,
            "s3_object_version": null,
            "signing_job_arn": "",
            "signing_profile_version_arn": "",
            "skip_destroy": false,
            "snap_start": [],
            "source_code_hash": "ueJwrHEZH64zFwIYC/akqZh/kd3P6fZn17U6AKeo6ac=",
            "source_code_size": 826,
            "tags": {},
            "tags_all": {},
            "timeout": 3,
            "timeouts": null,
            "tracing_config": [
              {
                "mode": "PassThrough"
              }
            ],
            "version": "$LATEST",
            "vpc_config": []
          },
          "sensitive_attributes": [],
          "private": "eyJlMmJmYjczMC1lY2FhLTExZTYtOGY4OC0zNDM2M2JjN2M0YzAiOnsiY3JlYXRlIjo2MDAwMDAwMDAwMDAsImRlbGV0ZSI6NjAwMDAwMDAwMDAwLCJ1cGRhdGUiOjYwMDAwMDAwMDAwMH19",
          "dependencies": [
            "aws_iam_role.snapshot_deletion_lambda",
            "data.archive_file.zip"
          ]
        }
      ]
    }
  ],
  "check_results": null
}
